
Microsoft Visual Studio Solution File, Format Version 12.00
# Visual Studio 15
VisualStudioVersion = 15.0.26124.0
MinimumVisualStudioVersion = 15.0.26124.0
Project("{FAE04EC0-301F-11D3-BF4B-00C04F79EFBC}") = "library", "library\library.csproj", "{064D80E6-C99D-4BDB-8C3E-AD5845611255}"
EndProject
Project("{FAE04EC0-301F-11D3-BF4B-00C04F79EFBC}") = "library.testing", "library.testing\library.testing.csproj", "{298622EB-8DC8-4433-8C9B-97C77DE030ED}"
EndProject
Global
	GlobalSection(SolutionConfigurationPlatforms) = preSolution
		Debug|Any CPU = Debug|Any CPU
		Debug|x64 = Debug|x64
		Debug|x86 = Debug|x86
		Release|Any CPU = Release|Any CPU
		Release|x64 = Release|x64
		Release|x86 = Release|x86
	EndGlobalSection
	GlobalSection(SolutionProperties) = preSolution
		HideSolutionNode = FALSE
	EndGlobalSection
	GlobalSection(ProjectConfigurationPlatforms) = postSolution
		{064D80E6-C99D-4BDB-8C3E-AD5845611255}.Debug|Any CPU.ActiveCfg = Debug|Any CPU
		{064D80E6-C99D-4BDB-8C3E-AD5845611255}.Debug|Any CPU.Build.0 = Debug|Any CPU
		{064D80E6-C99D-4BDB-8C3E-AD5845611255}.Debug|x64.ActiveCfg = Debug|Any CPU
		{064D80E6-C99D-4BDB-8C3E-AD5845611255}.Debug|x64.Build.0 = Debug|Any CPU
		{064D80E6-C99D-4BDB-8C3E-AD5845611255}.Debug|x86.ActiveCfg = Debug|Any CPU
		{064D80E6-C99D-4BDB-8C3E-AD5845611255}.Debug|x86.Build.0 = Debug|Any CPU
		{064D80E6-C99D-4BDB-8C3E-AD5845611255}.Release|Any CPU.ActiveCfg = Release|Any CPU
		{064D80E6-C99D-4BDB-8C3E-AD5845611255}.Release|Any CPU.Build.0 = Release|Any CPU
		{064D80E6-C99D-4BDB-8C3E-AD5845611255}.Release|x64.ActiveCfg = Release|Any CPU
		{064D80E6-C99D-4BDB-8C3E-AD5845611255}.Release|x64.Build.0 = Release|Any CPU
		{064D80E6-C99D-4BDB-8C3E-AD5845611255}.Release|x86.ActiveCfg = Release|Any CPU
		{064D80E6-C99D-4BDB-8C3E-AD5845611255}.Release|x86.Build.0 = Release|Any CPU
		{298622EB-8DC8-4433-8C9B-97C77DE030ED}.Debug|Any CPU.ActiveCfg = Debug|Any CPU
		{298622EB-8DC8-4433-8C9B-97C77DE030ED}.Debug|Any CPU.Build.0 = Debug|Any CPU
		{298622EB-8DC8-4433-8C9B-97C77DE030ED}.Debug|x64.ActiveCfg = Debug|Any CPU
		{298622EB-8DC8-4433-8C9B-97C77DE030ED}.Debug|x64.Build.0 = Debug|Any CPU
		{298622EB-8DC8-4433-8C9B-97C77DE030ED}.Debug|x86.ActiveCfg = Debug|Any CPU
		{298622EB-8DC8-4433-8C9B-97C77DE030ED}.Debug|x86.Build.0 = Debug|Any CPU
		{298622EB-8DC8-4433-8C9B-97C77DE030ED}.Release|Any CPU.ActiveCfg = Release|Any CPU
		{298622EB-8DC8-4433-8C9B-97C77DE030ED}.Release|Any CPU.Build.0 = Release|Any CPU
		{298622EB-8DC8-4433-8C9B-97C77DE030ED}.Release|x64.ActiveCfg = Release|Any CPU
		{298622EB-8DC8-4433-8C9B-97C77DE030ED}.Release|x64.Build.0 = Release|Any CPU
		{298622EB-8DC8-4433-8C9B-97C77DE030ED}.Release|x86.ActiveCfg = Release|Any CPU
		{298622EB-8DC8-4433-8C9B-97C77DE030ED}.Release|x86.Build.0 = Release|Any CPU
	EndGlobalSection
EndGlobal
